
Microsoft Visual Studio Solution File, Format Version 12.00
# Visual Studio Version 17
VisualStudioVersion = 17.9.34414.90
MinimumVisualStudioVersion = 10.0.40219.1
Project("{FAE04EC0-301F-11D3-BF4B-00C04F79EFBC}") = "CreditCalculator.Before", "CreditCalculator.Before\CreditCalculator.Before.csproj", "{77C29C28-D9FD-474E-8164-F56E4D9A714A}"
EndProject
Project("{FAE04EC0-301F-11D3-BF4B-00C04F79EFBC}") = "CreditCalculator.After", "CreditCalculator.After\CreditCalculator.After.csproj", "{AC4259FB-D422-4FBA-B8E4-EAE7BBF164B7}"
EndProject
Project("{FAE04EC0-301F-11D3-BF4B-00C04F79EFBC}") = "CreditCalculator.Tests", "CreditCalculator.Tests\CreditCalculator.Tests.csproj", "{76161B1C-BB12-4A6F-915D-97175A0408B4}"
EndProject
Global
	GlobalSection(SolutionConfigurationPlatforms) = preSolution
		Debug|Any CPU = Debug|Any CPU
		Release|Any CPU = Release|Any CPU
	EndGlobalSection
	GlobalSection(ProjectConfigurationPlatforms) = postSolution
		{77C29C28-D9FD-474E-8164-F56E4D9A714A}.Debug|Any CPU.ActiveCfg = Debug|Any CPU
		{77C29C28-D9FD-474E-8164-F56E4D9A714A}.Debug|Any CPU.Build.0 = Debug|Any CPU
		{77C29C28-D9FD-474E-8164-F56E4D9A714A}.Release|Any CPU.ActiveCfg = Release|Any CPU
		{77C29C28-D9FD-474E-8164-F56E4D9A714A}.Release|Any CPU.Build.0 = Release|Any CPU
		{AC4259FB-D422-4FBA-B8E4-EAE7BBF164B7}.Debug|Any CPU.ActiveCfg = Debug|Any CPU
		{AC4259FB-D422-4FBA-B8E4-EAE7BBF164B7}.Debug|Any CPU.Build.0 = Debug|Any CPU
		{AC4259FB-D422-4FBA-B8E4-EAE7BBF164B7}.Release|Any CPU.ActiveCfg = Release|Any CPU
		{AC4259FB-D422-4FBA-B8E4-EAE7BBF164B7}.Release|Any CPU.Build.0 = Release|Any CPU
		{76161B1C-BB12-4A6F-915D-97175A0408B4}.Debug|Any CPU.ActiveCfg = Debug|Any CPU
		{76161B1C-BB12-4A6F-915D-97175A0408B4}.Debug|Any CPU.Build.0 = Debug|Any CPU
		{76161B1C-BB12-4A6F-915D-97175A0408B4}.Release|Any CPU.ActiveCfg = Release|Any CPU
		{76161B1C-BB12-4A6F-915D-97175A0408B4}.Release|Any CPU.Build.0 = Release|Any CPU
	EndGlobalSection
	GlobalSection(SolutionProperties) = preSolution
		HideSolutionNode = FALSE
	EndGlobalSection
	GlobalSection(ExtensibilityGlobals) = postSolution
		SolutionGuid = {10A48E95-DC51-4B5F-A2D6-5DCD1484CAA9}
	EndGlobalSection
EndGlobal
